// !$*UTF8*$!
{
	archiveVersion = 1;
	classes = {
	};
	objectVersion = 46;
	objects = {

/* Begin PBXBuildFile section */
		1E8F20E81AF7CB2700533785 /* AppDelegate.swift in Sources */ = {isa = PBXBuildFile; fileRef = 1E8F20E71AF7CB2700533785 /* AppDelegate.swift */; };
		1E8F20EA1AF7CB2700533785 /* GameScene.sks in Resources */ = {isa = PBXBuildFile; fileRef = 1E8F20E91AF7CB2700533785 /* GameScene.sks */; };
		1E8F20EC1AF7CB2700533785 /* GameScene.swift in Sources */ = {isa = PBXBuildFile; fileRef = 1E8F20EB1AF7CB2700533785 /* GameScene.swift */; };
		1E8F20EE1AF7CB2700533785 /* GameViewController.swift in Sources */ = {isa = PBXBuildFile; fileRef = 1E8F20ED1AF7CB2700533785 /* GameViewController.swift */; };
		1E8F20F11AF7CB2700533785 /* Main.storyboard in Resources */ = {isa = PBXBuildFile; fileRef = 1E8F20EF1AF7CB2700533785 /* Main.storyboard */; };
		1E8F20F31AF7CB2700533785 /* Images.xcassets in Resources */ = {isa = PBXBuildFile; fileRef = 1E8F20F21AF7CB2700533785 /* Images.xcassets */; };
		1E8F20F61AF7CB2700533785 /* LaunchScreen.xib in Resources */ = {isa = PBXBuildFile; fileRef = 1E8F20F41AF7CB2700533785 /* LaunchScreen.xib */; };
		1E8F21021AF7CB2700533785 /* PryiAdBannerSpritekitSwiftTests.swift in Sources */ = {isa = PBXBuildFile; fileRef = 1E8F21011AF7CB2700533785 /* PryiAdBannerSpritekitSwiftTests.swift */; };
		1E8F210C1AF7CBFC00533785 /* iAd.framework in Frameworks */ = {isa = PBXBuildFile; fileRef = 1E8F210B1AF7CBFC00533785 /* iAd.framework */; };
/* End PBXBuildFile section */

/* Begin PBXContainerItemProxy section */
		1E8F20FC1AF7CB2700533785 /* PBXContainerItemProxy */ = {
			isa = PBXContainerItemProxy;
			containerPortal = 1E8F20DA1AF7CB2700533785 /* Project object */;
			proxyType = 1;
			remoteGlobalIDString = 1E8F20E11AF7CB2700533785;
			remoteInfo = PryiAdBannerSpritekitSwift;
		};
/* End PBXContainerItemProxy section */

/* Begin PBXFileReference section */
		1E8F20E21AF7CB2700533785 /* PryiAdBannerSpritekitSwift.app */ = {isa = PBXFileReference; explicitFileType = wrapper.application; includeInIndex = 0; path = PryiAdBannerSpritekitSwift.app; sourceTree = BUILT_PRODUCTS_DIR; };
		1E8F20E61AF7CB2700533785 /* Info.plist */ = {isa = PBXFileReference; lastKnownFileType = text.plist.xml; path = Info.plist; sourceTree = "<group>"; };
		1E8F20E71AF7CB2700533785 /* AppDelegate.swift */ = {isa = PBXFileReference; lastKnownFileType = sourcecode.swift; path = AppDelegate.swift; sourceTree = "<group>"; };
		1E8F20E91AF7CB2700533785 /* GameScene.sks */ = {isa = PBXFileReference; lastKnownFileType = file.sks; path = GameScene.sks; sourceTree = "<group>"; };
		1E8F20EB1AF7CB2700533785 /* GameScene.swift */ = {isa = PBXFileReference; lastKnownFileType = sourcecode.swift; path = GameScene.swift; sourceTree = "<group>"; };
		1E8F20ED1AF7CB2700533785 /* GameViewController.swift */ = {isa = PBXFileReference; lastKnownFileType = sourcecode.swift; path = GameViewController.swift; sourceTree = "<group>"; };
		1E8F20F01AF7CB2700533785 /* Base */ = {isa = PBXFileReference; lastKnownFileType = file.storyboard; name = Base; path = Base.lproj/Main.storyboard; sourceTree = "<group>"; };
		1E8F20F21AF7CB2700533785 /* Images.xcassets */ = {isa = PBXFileReference; lastKnownFileType = folder.assetcatalog; path = Images.xcassets; sourceTree = "<group>"; };
		1E8F20F51AF7CB2700533785 /* Base */ = {isa = PBXFileReference; lastKnownFileType = file.xib; name = Base; path = Base.lproj/LaunchScreen.xib; sourceTree = "<group>"; };
		1E8F20FB1AF7CB2700533785 /* PryiAdBannerSpritekitSwiftTests.xctest */ = {isa = PBXFileReference; explicitFileType = wrapper.cfbundle; includeInIndex = 0; path = PryiAdBannerSpritekitSwiftTests.xctest; sourceTree = BUILT_PRODUCTS_DIR; };
		1E8F21001AF7CB2700533785 /* Info.plist */ = {isa = PBXFileReference; lastKnownFileType = text.plist.xml; path = Info.plist; sourceTree = "<group>"; };
		1E8F21011AF7CB2700533785 /* PryiAdBannerSpritekitSwiftTests.swift */ = {isa = PBXFileReference; lastKnownFileType = sourcecode.swift; path = PryiAdBannerSpritekitSwiftTests.swift; sourceTree = "<group>"; };
		1E8F210B1AF7CBFC00533785 /* iAd.framework */ = {isa = PBXFileReference; lastKnownFileType = wrapper.framework; name = iAd.framework; path = System/Library/Frameworks/iAd.framework; sourceTree = SDKROOT; };
/* End PBXFileReference section */

/* Begin PBXFrameworksBuildPhase section */
		1E8F20DF1AF7CB2700533785 /* Frameworks */ = {
			isa = PBXFrameworksBuildPhase;
			buildActionMask = 2147483647;
			files = (
				1E8F210C1AF7CBFC00533785 /* iAd.framework in Frameworks */,
			);
			runOnlyForDeploymentPostprocessing = 0;
		};
		1E8F20F81AF7CB2700533785 /* Frameworks */ = {
			isa = PBXFrameworksBuildPhase;
			buildActionMask = 2147483647;
			files = (
			);
			runOnlyForDeploymentPostprocessing = 0;
		};
/* End PBXFrameworksBuildPhase section */

/* Begin PBXGroup section */
		1E8F20D91AF7CB2700533785 = {
			isa = PBXGroup;
			children = (
				1E8F210B1AF7CBFC00533785 /* iAd.framework */,
				1E8F20E41AF7CB2700533785 /* PryiAdBannerSpritekitSwift */,
				1E8F20FE1AF7CB2700533785 /* PryiAdBannerSpritekitSwiftTests */,
				1E8F20E31AF7CB2700533785 /* Products */,
			);
			sourceTree = "<group>";
		};
		1E8F20E31AF7CB2700533785 /* Products */ = {
			isa = PBXGroup;
			children = (
				1E8F20E21AF7CB2700533785 /* PryiAdBannerSpritekitSwift.app */,
				1E8F20FB1AF7CB2700533785 /* PryiAdBannerSpritekitSwiftTests.xctest */,
			);
			name = Products;
			sourceTree = "<group>";
		};
		1E8F20E41AF7CB2700533785 /* PryiAdBannerSpritekitSwift */ = {
			isa = PBXGroup;
			children = (
				1E8F20E71AF7CB2700533785 /* AppDelegate.swift */,
				1E8F20E91AF7CB2700533785 /* GameScene.sks */,
				1E8F20EB1AF7CB2700533785 /* GameScene.swift */,
				1E8F20ED1AF7CB2700533785 /* GameViewController.swift */,
				1E8F20EF1AF7CB2700533785 /* Main.storyboard */,
				1E8F20F21AF7CB2700533785 /* Images.xcassets */,
				1E8F20F41AF7CB2700533785 /* LaunchScreen.xib */,
				1E8F20E51AF7CB2700533785 /* Supporting Files */,
			);
			path = PryiAdBannerSpritekitSwift;
			sourceTree = "<group>";
		};
		1E8F20E51AF7CB2700533785 /* Supporting Files */ = {
			isa = PBXGroup;
			children = (
				1E8F20E61AF7CB2700533785 /* Info.plist */,
			);
			name = "Supporting Files";
			sourceTree = "<group>";
		};
		1E8F20FE1AF7CB2700533785 /* PryiAdBannerSpritekitSwiftTests */ = {
			isa = PBXGroup;
			children = (
				1E8F21011AF7CB2700533785 /* PryiAdBannerSpritekitSwiftTests.swift */,
				1E8F20FF1AF7CB2700533785 /* Supporting Files */,
			);
			path = PryiAdBannerSpritekitSwiftTests;
			sourceTree = "<group>";
		};
		1E8F20FF1AF7CB2700533785 /* Supporting Files */ = {
			isa = PBXGroup;
			children = (
				1E8F21001AF7CB2700533785 /* Info.plist */,
			);
			name = "Supporting Files";
			sourceTree = "<group>";
		};
/* End PBXGroup section */

/* Begin PBXNativeTarget section */
		1E8F20E11AF7CB2700533785 /* PryiAdBannerSpritekitSwift */ = {
			isa = PBXNativeTarget;
			buildConfigurationList = 1E8F21051AF7CB2700533785 /* Build configuration list for PBXNativeTarget "PryiAdBannerSpritekitSwift" */;
			buildPhases = (
				1E8F20DE1AF7CB2700533785 /* Sources */,
				1E8F20DF1AF7CB2700533785 /* Frameworks */,
				1E8F20E01AF7CB2700533785 /* Resources */,
			);
			buildRules = (
			);
			dependencies = (
			);
			name = PryiAdBannerSpritekitSwift;
			productName = PryiAdBannerSpritekitSwift;
			productReference = 1E8F20E21AF7CB2700533785 /* PryiAdBannerSpritekitSwift.app */;
			productType = "com.apple.product-type.application";
		};
		1E8F20FA1AF7CB2700533785 /* PryiAdBannerSpritekitSwiftTests */ = {
			isa = PBXNativeTarget;
			buildConfigurationList = 1E8F21081AF7CB2700533785 /* Build configuration list for PBXNativeTarget "PryiAdBannerSpritekitSwiftTests" */;
			buildPhases = (
				1E8F20F71AF7CB2700533785 /* Sources */,
				1E8F20F81AF7CB2700533785 /* Frameworks */,
				1E8F20F91AF7CB2700533785 /* Resources */,
			);
			buildRules = (
			);
			dependencies = (
				1E8F20FD1AF7CB2700533785 /* PBXTargetDependency */,
			);
			name = PryiAdBannerSpritekitSwiftTests;
			productName = PryiAdBannerSpritekitSwiftTests;
			productReference = 1E8F20FB1AF7CB2700533785 /* PryiAdBannerSpritekitSwiftTests.xctest */;
			productType = "com.apple.product-type.bundle.unit-test";
		};
/* End PBXNativeTarget section */

/* Begin PBXProject section */
		1E8F20DA1AF7CB2700533785 /* Project object */ = {
			isa = PBXProject;
			attributes = {
				LastUpgradeCheck = 0630;
				ORGANIZATIONNAME = Apps4s;
				TargetAttributes = {
					1E8F20E11AF7CB2700533785 = {
						CreatedOnToolsVersion = 6.3.1;
					};
					1E8F20FA1AF7CB2700533785 = {
						CreatedOnToolsVersion = 6.3.1;
						TestTargetID = 1E8F20E11AF7CB2700533785;
					};
				};
			};
			buildConfigurationList = 1E8F20DD1AF7CB2700533785 /* Build configuration list for PBXProject "PryiAdBannerSpritekitSwift" */;
			compatibilityVersion = "Xcode 3.2";
			developmentRegion = English;
			hasScannedForEncodings = 0;
			knownRegions = (
				en,
				Base,
			);
			mainGroup = 1E8F20D91AF7CB2700533785;
			productRefGroup = 1E8F20E31AF7CB2700533785 /* Products */;
			projectDirPath = "";
			projectRoot = "";
			targets = (
				1E8F20E11AF7CB2700533785 /* PryiAdBannerSpritekitSwift */,
				1E8F20FA1AF7CB2700533785 /* PryiAdBannerSpritekitSwiftTests */,
			);
		};
/* End PBXProject section */

/* Begin PBXResourcesBuildPhase section */
		1E8F20E01AF7CB2700533785 /* Resources */ = {
			isa = PBXResourcesBuildPhase;
			buildActionMask = 2147483647;
			files = (
				1E8F20F61AF7CB2700533785 /* LaunchScreen.xib in Resources */,
				1E8F20F31AF7CB2700533785 /* Images.xcassets in Resources */,
				1E8F20EA1AF7CB2700533785 /* GameScene.sks in Resources */,
				1E8F20F11AF7CB2700533785 /* Main.storyboard in Resources */,
			);
			runOnlyForDeploymentPostprocessing = 0;
		};
		1E8F20F91AF7CB2700533785 /* Resources */ = {
			isa = PBXResourcesBuildPhase;
			buildActionMask = 2147483647;
			files = (
			);
			runOnlyForDeploymentPostprocessing = 0;
		};
/* End PBXResourcesBuildPhase section */

/* Begin PBXSourcesBuildPhase section */
		1E8F20DE1AF7CB2700533785 /* Sources */ = {
			isa = PBXSourcesBuildPhase;
			buildActionMask = 2147483647;
			files = (
				1E8F20EC1AF7CB2700533785 /* GameScene.swift in Sources */,
				1E8F20EE1AF7CB2700533785 /* GameViewController.swift in Sources */,
				1E8F20E81AF7CB2700533785 /* AppDelegate.swift in Sources */,
			);
			runOnlyForDeploymentPostprocessing = 0;
		};
		1E8F20F71AF7CB2700533785 /* Sources */ = {
			isa = PBXSourcesBuildPhase;
			buildActionMask = 2147483647;
			files = (
				1E8F21021AF7CB2700533785 /* PryiAdBannerSpritekitSwiftTests.swift in Sources */,
			);
			runOnlyForDeploymentPostprocessing = 0;
		};
/* End PBXSourcesBuildPhase section */

/* Begin PBXTargetDependency section */
		1E8F20FD1AF7CB2700533785 /* PBXTargetDependency */ = {
			isa = PBXTargetDependency;
			target = 1E8F20E11AF7CB2700533785 /* PryiAdBannerSpritekitSwift */;
			targetProxy = 1E8F20FC1AF7CB2700533785 /* PBXContainerItemProxy */;
		};
/* End PBXTargetDependency section */

/* Begin PBXVariantGroup section */
		1E8F20EF1AF7CB2700533785 /* Main.storyboard */ = {
			isa = PBXVariantGroup;
			children = (
				1E8F20F01AF7CB2700533785 /* Base */,
			);
			name = Main.storyboard;
			sourceTree = "<group>";
		};
		1E8F20F41AF7CB2700533785 /* LaunchScreen.xib */ = {
			isa = PBXVariantGroup;
			children = (
				1E8F20F51AF7CB2700533785 /* Base */,
			);
			name = LaunchScreen.xib;
			sourceTree = "<group>";
		};
/* End PBXVariantGroup section */

/* Begin XCBuildConfiguration section */
		1E8F21031AF7CB2700533785 /* Debug */ = {
			isa = XCBuildConfiguration;
			buildSettings = {
				ALWAYS_SEARCH_USER_PATHS = NO;
				CLANG_CXX_LANGUAGE_STANDARD = "gnu++0x";
				CLANG_CXX_LIBRARY = "libc++";
				CLANG_ENABLE_MODULES = YES;
				CLANG_ENABLE_OBJC_ARC = YES;
				CLANG_WARN_BOOL_CONVERSION = YES;
				CLANG_WARN_CONSTANT_CONVERSION = YES;
				CLANG_WARN_DIRECT_OBJC_ISA_USAGE = YES_ERROR;
				CLANG_WARN_EMPTY_BODY = YES;
				CLANG_WARN_ENUM_CONVERSION = YES;
				CLANG_WARN_INT_CONVERSION = YES;
				CLANG_WARN_OBJC_ROOT_CLASS = YES_ERROR;
				CLANG_WARN_UNREACHABLE_CODE = YES;
				CLANG_WARN__DUPLICATE_METHOD_MATCH = YES;
				"CODE_SIGN_IDENTITY[sdk=iphoneos*]" = "iPhone Developer";
				COPY_PHASE_STRIP = NO;
				DEBUG_INFORMATION_FORMAT = "dwarf-with-dsym";
				ENABLE_STRICT_OBJC_MSGSEND = YES;
				GCC_C_LANGUAGE_STANDARD = gnu99;
				GCC_DYNAMIC_NO_PIC = NO;
				GCC_NO_COMMON_BLOCKS = YES;
				GCC_OPTIMIZATION_LEVEL = 0;
				GCC_PREPROCESSOR_DEFINITIONS = (
					"DEBUG=1",
					"$(inherited)",
				);
				GCC_SYMBOLS_PRIVATE_EXTERN = NO;
				GCC_WARN_64_TO_32_BIT_CONVERSION = YES;
				GCC_WARN_ABOUT_RETURN_TYPE = YES_ERROR;
				GCC_WARN_UNDECLARED_SELECTOR = YES;
				GCC_WARN_UNINITIALIZED_AUTOS = YES_AGGRESSIVE;
				GCC_WARN_UNUSED_FUNCTION = YES;
				GCC_WARN_UNUSED_VARIABLE = YES;
				IPHONEOS_DEPLOYMENT_TARGET = 8.3;
				MTL_ENABLE_DEBUG_INFO = YES;
				ONLY_ACTIVE_ARCH = YES;
				SDKROOT = iphoneos;
				SWIFT_OPTIMIZATION_LEVEL = "-Onone";
			};
			name = Debug;
		};
		1E8F21041AF7CB2700533785 /* Release */ = {
			isa = XCBuildConfiguration;
			buildSettings = {
				ALWAYS_SEARCH_USER_PATHS = NO;
				CLANG_CXX_LANGUAGE_STANDARD = "gnu++0x";
				CLANG_CXX_LIBRARY = "libc++";
				CLANG_ENABLE_MODULES = YES;
				CLANG_ENABLE_OBJC_ARC = YES;
				CLANG_WARN_BOOL_CONVERSION = YES;
				CLANG_WARN_CONSTANT_CONVERSION = YES;
				CLANG_WARN_DIRECT_OBJC_ISA_USAGE = YES_ERROR;
				CLANG_WARN_EMPTY_BODY = YES;
				CLANG_WARN_ENUM_CONVERSION = YES;
				CLANG_WARN_INT_CONVERSION = YES;
				CLANG_WARN_OBJC_ROOT_CLASS = YES_ERROR;
				CLANG_WARN_UNREACHABLE_CODE = YES;
				CLANG_WARN__DUPLICATE_METHOD_MATCH = YES;
				"CODE_SIGN_IDENTITY[sdk=iphoneos*]" = "iPhone Developer";
				COPY_PHASE_STRIP = NO;
				DEBUG_INFORMATION_FORMAT = "dwarf-with-dsym";
				ENABLE_NS_ASSERTIONS = NO;
				ENABLE_STRICT_OBJC_MSGSEND = YES;
				GCC_C_LANGUAGE_STANDARD = gnu99;
				GCC_NO_COMMON_BLOCKS = YES;
				GCC_WARN_64_TO_32_BIT_CONVERSION = YES;
				GCC_WARN_ABOUT_RETURN_TYPE = YES_ERROR;
				GCC_WARN_UNDECLARED_SELECTOR = YES;
				GCC_WARN_UNINITIALIZED_AUTOS = YES_AGGRESSIVE;
				GCC_WARN_UNUSED_FUNCTION = YES;
				GCC_WARN_UNUSED_VARIABLE = YES;
				IPHONEOS_DEPLOYMENT_TARGET = 8.3;
				MTL_ENABLE_DEBUG_INFO = NO;
				SDKROOT = iphoneos;
				VALIDATE_PRODUCT = YES;
			};
			name = Release;
		};
		1E8F21061AF7CB2700533785 /* Debug */ = {
			isa = XCBuildConfiguration;
			buildSettings = {
				ASSETCATALOG_COMPILER_APPICON_NAME = AppIcon;
				INFOPLIST_FILE = PryiAdBannerSpritekitSwift/Info.plist;
				LD_RUNPATH_SEARCH_PATHS = "$(inherited) @executable_path/Frameworks";
				PRODUCT_NAME = "$(TARGET_NAME)";
			};
			name = Debug;
		};
		1E8F21071AF7CB2700533785 /* Release */ = {
			isa = XCBuildConfiguration;
			buildSettings = {
				ASSETCATALOG_COMPILER_APPICON_NAME = AppIcon;
				INFOPLIST_FILE = PryiAdBannerSpritekitSwift/Info.plist;
				LD_RUNPATH_SEARCH_PATHS = "$(inherited) @executable_path/Frameworks";
				PRODUCT_NAME = "$(TARGET_NAME)";
			};
			name = Release;
		};
		1E8F21091AF7CB2700533785 /* Debug */ = {
			isa = XCBuildConfiguration;
			buildSettings = {
				BUNDLE_LOADER = "$(TEST_HOST)";
				FRAMEWORK_SEARCH_PATHS = (
					"$(SDKROOT)/Developer/Library/Frameworks",
					"$(inherited)",
				);
				GCC_PREPROCESSOR_DEFINITIONS = (
					"DEBUG=1",
					"$(inherited)",
				);
				INFOPLIST_FILE = PryiAdBannerSpritekitSwiftTests/Info.plist;
				LD_RUNPATH_SEARCH_PATHS = "$(inherited) @executable_path/Frameworks @loader_path/Frameworks";
				PRODUCT_NAME = "$(TARGET_NAME)";
				TEST_HOST = "$(BUILT_PRODUCTS_DIR)/PryiAdBannerSpritekitSwift.app/PryiAdBannerSpritekitSwift";
			};
			name = Debug;
		};
		1E8F210A1AF7CB2700533785 /* Release */ = {
			isa = XCBuildConfiguration;
			buildSettings = {
				BUNDLE_LOADER = "$(TEST_HOST)";
				FRAMEWORK_SEARCH_PATHS = (
					"$(SDKROOT)/Developer/Library/Frameworks",
					"$(inherited)",
				);
				INFOPLIST_FILE = PryiAdBannerSpritekitSwiftTests/Info.plist;
				LD_RUNPATH_SEARCH_PATHS = "$(inherited) @executable_path/Frameworks @loader_path/Frameworks";
				PRODUCT_NAME = "$(TARGET_NAME)";
				TEST_HOST = "$(BUILT_PRODUCTS_DIR)/PryiAdBannerSpritekitSwift.app/PryiAdBannerSpritekitSwift";
			};
			name = Release;
		};
/* End XCBuildConfiguration section */

/* Begin XCConfigurationList section */
		1E8F20DD1AF7CB2700533785 /* Build configuration list for PBXProject "PryiAdBannerSpritekitSwift" */ = {
			isa = XCConfigurationList;
			buildConfigurations = (
				1E8F21031AF7CB2700533785 /* Debug */,
				1E8F21041AF7CB2700533785 /* Release */,
			);
			defaultConfigurationIsVisible = 0;
			defaultConfigurationName = Release;
		};
		1E8F21051AF7CB2700533785 /* Build configuration list for PBXNativeTarget "PryiAdBannerSpritekitSwift" */ = {
			isa = XCConfigurationList;
			buildConfigurations = (
				1E8F21061AF7CB2700533785 /* Debug */,
				1E8F21071AF7CB2700533785 /* Release */,
			);
			defaultConfigurationIsVisible = 0;
		};
		1E8F21081AF7CB2700533785 /* Build configuration list for PBXNativeTarget "PryiAdBannerSpritekitSwiftTests" */ = {
			isa = XCConfigurationList;
			buildConfigurations = (
				1E8F21091AF7CB2700533785 /* Debug */,
				1E8F210A1AF7CB2700533785 /* Release */,
			);
			defaultConfigurationIsVisible = 0;
		};
/* End XCConfigurationList section */
	};
	rootObject = 1E8F20DA1AF7CB2700533785 /* Project object */;
}
